{
  "originHash" : "7df1f7568784ea6a1095add2a3d0cb0c73bbbf45d4577ad3a27a3f7512428aee",
  "pins" : [
    {
      "identity" : "swift-cmark",
      "kind" : "remoteSourceControl",
      "location" : "https://github.com/apple/swift-cmark.git",
      "state" : {
        "revision" : "3bc2f3e25df0cecc5dc269f7ccae65d0f386f06a",
        "version" : "0.4.0"
      }
    },
    {
      "identity" : "swift-markdown",
      "kind" : "remoteSourceControl",
      "location" : "https://github.com/swiftlang/swift-markdown",
      "state" : {
        "revision" : "4aae40bf6fff5286e0e1672329d17824ce16e081",
        "version" : "0.4.0"
      }
    },
    {
      "identity" : "zstd",
      "kind" : "remoteSourceControl",
      "location" : "https://github.com/facebook/zstd",
      "state" : {
        "branch" : "dev",
        "revision" : "20707e3718ee14250fb8a44b3bf023ea36bd88df"
      }
    }
  ],
  "version" : 3
}
